
Microsoft Visual Studio Solution File, Format Version 12.00
# Visual Studio 15
VisualStudioVersion = 15.0.26730.16
MinimumVisualStudioVersion = 10.0.40219.1
Project("{FAE04EC0-301F-11D3-BF4B-00C04F79EFBC}") = "SD.Xamarin", "SD.Xamarin\SD.Xamarin\SD.Xamarin.csproj", "{A4258905-991A-4EAF-A993-D5BA08D886AF}"
EndProject
Project("{FAE04EC0-301F-11D3-BF4B-00C04F79EFBC}") = "SD.Xamarin.Droid", "SD.Xamarin\SD.Xamarin.Droid\SD.Xamarin.Droid.csproj", "{5D6AA5BD-AB3C-4275-B3AD-C6B30F40A531}"
EndProject
Project("{FAE04EC0-301F-11D3-BF4B-00C04F79EFBC}") = "SD.Xamarin.iOS", "SD.Xamarin\SD.Xamarin.iOS\SD.Xamarin.iOS.csproj", "{2766FDF3-B0F3-4589-8712-1B1A15B4E502}"
EndProject
Project("{FAE04EC0-301F-11D3-BF4B-00C04F79EFBC}") = "SD.Xamarin.UITest", "SD.Xamarin.UITest\SD.Xamarin.UITest.csproj", "{043533AC-CE05-418A-9869-224EF5770BD2}"
EndProject
Project("{FAE04EC0-301F-11D3-BF4B-00C04F79EFBC}") = "SD.Xamarin.Test", "SD.Xamarin.Test\SD.Xamarin.Test.csproj", "{FCE4AF70-BB52-4996-9A14-6C3C288102A1}"
EndProject
Global
	GlobalSection(SolutionConfigurationPlatforms) = preSolution
		Ad-Hoc|Any CPU = Ad-Hoc|Any CPU
		Ad-Hoc|ARM = Ad-Hoc|ARM
		Ad-Hoc|iPhone = Ad-Hoc|iPhone
		Ad-Hoc|iPhoneSimulator = Ad-Hoc|iPhoneSimulator
		Ad-Hoc|x64 = Ad-Hoc|x64
		Ad-Hoc|x86 = Ad-Hoc|x86
		AppStore|Any CPU = AppStore|Any CPU
		AppStore|ARM = AppStore|ARM
		AppStore|iPhone = AppStore|iPhone
		AppStore|iPhoneSimulator = AppStore|iPhoneSimulator
		AppStore|x64 = AppStore|x64
		AppStore|x86 = AppStore|x86
		Debug|Any CPU = Debug|Any CPU
		Debug|ARM = Debug|ARM
		Debug|iPhone = Debug|iPhone
		Debug|iPhoneSimulator = Debug|iPhoneSimulator
		Debug|x64 = Debug|x64
		Debug|x86 = Debug|x86
		Release|Any CPU = Release|Any CPU
		Release|ARM = Release|ARM
		Release|iPhone = Release|iPhone
		Release|iPhoneSimulator = Release|iPhoneSimulator
		Release|x64 = Release|x64
		Release|x86 = Release|x86
	EndGlobalSection
	GlobalSection(ProjectConfigurationPlatforms) = postSolution
		{A4258905-991A-4EAF-A993-D5BA08D886AF}.Ad-Hoc|Any CPU.ActiveCfg = Release|Any CPU
		{A4258905-991A-4EAF-A993-D5BA08D886AF}.Ad-Hoc|Any CPU.Build.0 = Release|Any CPU
		{A4258905-991A-4EAF-A993-D5BA08D886AF}.Ad-Hoc|ARM.ActiveCfg = Release|Any CPU
		{A4258905-991A-4EAF-A993-D5BA08D886AF}.Ad-Hoc|ARM.Build.0 = Release|Any CPU
		{A4258905-991A-4EAF-A993-D5BA08D886AF}.Ad-Hoc|iPhone.ActiveCfg = Release|Any CPU
		{A4258905-991A-4EAF-A993-D5BA08D886AF}.Ad-Hoc|iPhone.Build.0 = Release|Any CPU
		{A4258905-991A-4EAF-A993-D5BA08D886AF}.Ad-Hoc|iPhoneSimulator.ActiveCfg = Release|Any CPU
		{A4258905-991A-4EAF-A993-D5BA08D886AF}.Ad-Hoc|iPhoneSimulator.Build.0 = Release|Any CPU
		{A4258905-991A-4EAF-A993-D5BA08D886AF}.Ad-Hoc|x64.ActiveCfg = Release|Any CPU
		{A4258905-991A-4EAF-A993-D5BA08D886AF}.Ad-Hoc|x64.Build.0 = Release|Any CPU
		{A4258905-991A-4EAF-A993-D5BA08D886AF}.Ad-Hoc|x86.ActiveCfg = Release|Any CPU
		{A4258905-991A-4EAF-A993-D5BA08D886AF}.Ad-Hoc|x86.Build.0 = Release|Any CPU
		{A4258905-991A-4EAF-A993-D5BA08D886AF}.AppStore|Any CPU.ActiveCfg = Release|Any CPU
		{A4258905-991A-4EAF-A993-D5BA08D886AF}.AppStore|Any CPU.Build.0 = Release|Any CPU
		{A4258905-991A-4EAF-A993-D5BA08D886AF}.AppStore|ARM.ActiveCfg = Release|Any CPU
		{A4258905-991A-4EAF-A993-D5BA08D886AF}.AppStore|ARM.Build.0 = Release|Any CPU
		{A4258905-991A-4EAF-A993-D5BA08D886AF}.AppStore|iPhone.ActiveCfg = Release|Any CPU
		{A4258905-991A-4EAF-A993-D5BA08D886AF}.AppStore|iPhone.Build.0 = Release|Any CPU
		{A4258905-991A-4EAF-A993-D5BA08D886AF}.AppStore|iPhoneSimulator.ActiveCfg = Release|Any CPU
		{A4258905-991A-4EAF-A993-D5BA08D886AF}.AppStore|iPhoneSimulator.Build.0 = Release|Any CPU
		{A4258905-991A-4EAF-A993-D5BA08D886AF}.AppStore|x64.ActiveCfg = Release|Any CPU
		{A4258905-991A-4EAF-A993-D5BA08D886AF}.AppStore|x64.Build.0 = Release|Any CPU
		{A4258905-991A-4EAF-A993-D5BA08D886AF}.AppStore|x86.ActiveCfg = Release|Any CPU
		{A4258905-991A-4EAF-A993-D5BA08D886AF}.AppStore|x86.Build.0 = Release|Any CPU
		{A4258905-991A-4EAF-A993-D5BA08D886AF}.Debug|Any CPU.ActiveCfg = Debug|Any CPU
		{A4258905-991A-4EAF-A993-D5BA08D886AF}.Debug|Any CPU.Build.0 = Debug|Any CPU
		{A4258905-991A-4EAF-A993-D5BA08D886AF}.Debug|ARM.ActiveCfg = Debug|Any CPU
		{A4258905-991A-4EAF-A993-D5BA08D886AF}.Debug|ARM.Build.0 = Debug|Any CPU
		{A4258905-991A-4EAF-A993-D5BA08D886AF}.Debug|iPhone.ActiveCfg = Debug|Any CPU
		{A4258905-991A-4EAF-A993-D5BA08D886AF}.Debug|iPhone.Build.0 = Debug|Any CPU
		{A4258905-991A-4EAF-A993-D5BA08D886AF}.Debug|iPhoneSimulator.ActiveCfg = Debug|Any CPU
		{A4258905-991A-4EAF-A993-D5BA08D886AF}.Debug|iPhoneSimulator.Build.0 = Debug|Any CPU
		{A4258905-991A-4EAF-A993-D5BA08D886AF}.Debug|x64.ActiveCfg = Debug|Any CPU
		{A4258905-991A-4EAF-A993-D5BA08D886AF}.Debug|x64.Build.0 = Debug|Any CPU
		{A4258905-991A-4EAF-A993-D5BA08D886AF}.Debug|x86.ActiveCfg = Debug|Any CPU
		{A4258905-991A-4EAF-A993-D5BA08D886AF}.Debug|x86.Build.0 = Debug|Any CPU
		{A4258905-991A-4EAF-A993-D5BA08D886AF}.Release|Any CPU.ActiveCfg = Release|Any CPU
		{A4258905-991A-4EAF-A993-D5BA08D886AF}.Release|Any CPU.Build.0 = Release|Any CPU
		{A4258905-991A-4EAF-A993-D5BA08D886AF}.Release|ARM.ActiveCfg = Release|Any CPU
		{A4258905-991A-4EAF-A993-D5BA08D886AF}.Release|ARM.Build.0 = Release|Any CPU
		{A4258905-991A-4EAF-A993-D5BA08D886AF}.Release|iPhone.ActiveCfg = Release|Any CPU
		{A4258905-991A-4EAF-A993-D5BA08D886AF}.Release|iPhone.Build.0 = Release|Any CPU
		{A4258905-991A-4EAF-A993-D5BA08D886AF}.Release|iPhoneSimulator.ActiveCfg = Release|Any CPU
		{A4258905-991A-4EAF-A993-D5BA08D886AF}.Release|iPhoneSimulator.Build.0 = Release|Any CPU
		{A4258905-991A-4EAF-A993-D5BA08D886AF}.Release|x64.ActiveCfg = Release|Any CPU
		{A4258905-991A-4EAF-A993-D5BA08D886AF}.Release|x64.Build.0 = Release|Any CPU
		{A4258905-991A-4EAF-A993-D5BA08D886AF}.Release|x86.ActiveCfg = Release|Any CPU
		{A4258905-991A-4EAF-A993-D5BA08D886AF}.Release|x86.Build.0 = Release|Any CPU
		{5D6AA5BD-AB3C-4275-B3AD-C6B30F40A531}.Ad-Hoc|Any CPU.ActiveCfg = Release|Any CPU
		{5D6AA5BD-AB3C-4275-B3AD-C6B30F40A531}.Ad-Hoc|Any CPU.Build.0 = Release|Any CPU
		{5D6AA5BD-AB3C-4275-B3AD-C6B30F40A531}.Ad-Hoc|Any CPU.Deploy.0 = Release|Any CPU
		{5D6AA5BD-AB3C-4275-B3AD-C6B30F40A531}.Ad-Hoc|ARM.ActiveCfg = Release|Any CPU
		{5D6AA5BD-AB3C-4275-B3AD-C6B30F40A531}.Ad-Hoc|ARM.Build.0 = Release|Any CPU
		{5D6AA5BD-AB3C-4275-B3AD-C6B30F40A531}.Ad-Hoc|ARM.Deploy.0 = Release|Any CPU
		{5D6AA5BD-AB3C-4275-B3AD-C6B30F40A531}.Ad-Hoc|iPhone.ActiveCfg = Release|Any CPU
		{5D6AA5BD-AB3C-4275-B3AD-C6B30F40A531}.Ad-Hoc|iPhone.Build.0 = Release|Any CPU
		{5D6AA5BD-AB3C-4275-B3AD-C6B30F40A531}.Ad-Hoc|iPhone.Deploy.0 = Release|Any CPU
		{5D6AA5BD-AB3C-4275-B3AD-C6B30F40A531}.Ad-Hoc|iPhoneSimulator.ActiveCfg = Release|Any CPU
		{5D6AA5BD-AB3C-4275-B3AD-C6B30F40A531}.Ad-Hoc|iPhoneSimulator.Build.0 = Release|Any CPU
		{5D6AA5BD-AB3C-4275-B3AD-C6B30F40A531}.Ad-Hoc|iPhoneSimulator.Deploy.0 = Release|Any CPU
		{5D6AA5BD-AB3C-4275-B3AD-C6B30F40A531}.Ad-Hoc|x64.ActiveCfg = Release|Any CPU
		{5D6AA5BD-AB3C-4275-B3AD-C6B30F40A531}.Ad-Hoc|x64.Build.0 = Release|Any CPU
		{5D6AA5BD-AB3C-4275-B3AD-C6B30F40A531}.Ad-Hoc|x64.Deploy.0 = Release|Any CPU
		{5D6AA5BD-AB3C-4275-B3AD-C6B30F40A531}.Ad-Hoc|x86.ActiveCfg = Release|Any CPU
		{5D6AA5BD-AB3C-4275-B3AD-C6B30F40A531}.Ad-Hoc|x86.Build.0 = Release|Any CPU
		{5D6AA5BD-AB3C-4275-B3AD-C6B30F40A531}.Ad-Hoc|x86.Deploy.0 = Release|Any CPU
		{5D6AA5BD-AB3C-4275-B3AD-C6B30F40A531}.AppStore|Any CPU.ActiveCfg = Release|Any CPU
		{5D6AA5BD-AB3C-4275-B3AD-C6B30F40A531}.AppStore|Any CPU.Build.0 = Release|Any CPU
		{5D6AA5BD-AB3C-4275-B3AD-C6B30F40A531}.AppStore|Any CPU.Deploy.0 = Release|Any CPU
		{5D6AA5BD-AB3C-4275-B3AD-C6B30F40A531}.AppStore|ARM.ActiveCfg = Release|Any CPU
		{5D6AA5BD-AB3C-4275-B3AD-C6B30F40A531}.AppStore|ARM.Build.0 = Release|Any CPU
		{5D6AA5BD-AB3C-4275-B3AD-C6B30F40A531}.AppStore|ARM.Deploy.0 = Release|Any CPU
		{5D6AA5BD-AB3C-4275-B3AD-C6B30F40A531}.AppStore|iPhone.ActiveCfg = Release|Any CPU
		{5D6AA5BD-AB3C-4275-B3AD-C6B30F40A531}.AppStore|iPhone.Build.0 = Release|Any CPU
		{5D6AA5BD-AB3C-4275-B3AD-C6B30F40A531}.AppStore|iPhone.Deploy.0 = Release|Any CPU
		{5D6AA5BD-AB3C-4275-B3AD-C6B30F40A531}.AppStore|iPhoneSimulator.ActiveCfg = Release|Any CPU
		{5D6AA5BD-AB3C-4275-B3AD-C6B30F40A531}.AppStore|iPhoneSimulator.Build.0 = Release|Any CPU
		{5D6AA5BD-AB3C-4275-B3AD-C6B30F40A531}.AppStore|iPhoneSimulator.Deploy.0 = Release|Any CPU
		{5D6AA5BD-AB3C-4275-B3AD-C6B30F40A531}.AppStore|x64.ActiveCfg = Release|Any CPU
		{5D6AA5BD-AB3C-4275-B3AD-C6B30F40A531}.AppStore|x64.Build.0 = Release|Any CPU
		{5D6AA5BD-AB3C-4275-B3AD-C6B30F40A531}.AppStore|x64.Deploy.0 = Release|Any CPU
		{5D6AA5BD-AB3C-4275-B3AD-C6B30F40A531}.AppStore|x86.ActiveCfg = Release|Any CPU
		{5D6AA5BD-AB3C-4275-B3AD-C6B30F40A531}.AppStore|x86.Build.0 = Release|Any CPU
		{5D6AA5BD-AB3C-4275-B3AD-C6B30F40A531}.AppStore|x86.Deploy.0 = Release|Any CPU
		{5D6AA5BD-AB3C-4275-B3AD-C6B30F40A531}.Debug|Any CPU.ActiveCfg = Debug|Any CPU
		{5D6AA5BD-AB3C-4275-B3AD-C6B30F40A531}.Debug|Any CPU.Build.0 = Debug|Any CPU
		{5D6AA5BD-AB3C-4275-B3AD-C6B30F40A531}.Debug|Any CPU.Deploy.0 = Debug|Any CPU
		{5D6AA5BD-AB3C-4275-B3AD-C6B30F40A531}.Debug|ARM.ActiveCfg = Debug|Any CPU
		{5D6AA5BD-AB3C-4275-B3AD-C6B30F40A531}.Debug|ARM.Build.0 = Debug|Any CPU
		{5D6AA5BD-AB3C-4275-B3AD-C6B30F40A531}.Debug|ARM.Deploy.0 = Debug|Any CPU
		{5D6AA5BD-AB3C-4275-B3AD-C6B30F40A531}.Debug|iPhone.ActiveCfg = Debug|Any CPU
		{5D6AA5BD-AB3C-4275-B3AD-C6B30F40A531}.Debug|iPhone.Build.0 = Debug|Any CPU
		{5D6AA5BD-AB3C-4275-B3AD-C6B30F40A531}.Debug|iPhone.Deploy.0 = Debug|Any CPU
		{5D6AA5BD-AB3C-4275-B3AD-C6B30F40A531}.Debug|iPhoneSimulator.ActiveCfg = Debug|Any CPU
		{5D6AA5BD-AB3C-4275-B3AD-C6B30F40A531}.Debug|iPhoneSimulator.Build.0 = Debug|Any CPU
		{5D6AA5BD-AB3C-4275-B3AD-C6B30F40A531}.Debug|iPhoneSimulator.Deploy.0 = Debug|Any CPU
		{5D6AA5BD-AB3C-4275-B3AD-C6B30F40A531}.Debug|x64.ActiveCfg = Debug|Any CPU
		{5D6AA5BD-AB3C-4275-B3AD-C6B30F40A531}.Debug|x64.Build.0 = Debug|Any CPU
		{5D6AA5BD-AB3C-4275-B3AD-C6B30F40A531}.Debug|x64.Deploy.0 = Debug|Any CPU
		{5D6AA5BD-AB3C-4275-B3AD-C6B30F40A531}.Debug|x86.ActiveCfg = Debug|Any CPU
		{5D6AA5BD-AB3C-4275-B3AD-C6B30F40A531}.Debug|x86.Build.0 = Debug|Any CPU
		{5D6AA5BD-AB3C-4275-B3AD-C6B30F40A531}.Debug|x86.Deploy.0 = Debug|Any CPU
		{5D6AA5BD-AB3C-4275-B3AD-C6B30F40A531}.Release|Any CPU.ActiveCfg = Release|Any CPU
		{5D6AA5BD-AB3C-4275-B3AD-C6B30F40A531}.Release|Any CPU.Build.0 = Release|Any CPU
		{5D6AA5BD-AB3C-4275-B3AD-C6B30F40A531}.Release|Any CPU.Deploy.0 = Release|Any CPU
		{5D6AA5BD-AB3C-4275-B3AD-C6B30F40A531}.Release|ARM.ActiveCfg = Release|Any CPU
		{5D6AA5BD-AB3C-4275-B3AD-C6B30F40A531}.Release|ARM.Build.0 = Release|Any CPU
		{5D6AA5BD-AB3C-4275-B3AD-C6B30F40A531}.Release|ARM.Deploy.0 = Release|Any CPU
		{5D6AA5BD-AB3C-4275-B3AD-C6B30F40A531}.Release|iPhone.ActiveCfg = Release|Any CPU
		{5D6AA5BD-AB3C-4275-B3AD-C6B30F40A531}.Release|iPhone.Build.0 = Release|Any CPU
		{5D6AA5BD-AB3C-4275-B3AD-C6B30F40A531}.Release|iPhone.Deploy.0 = Release|Any CPU
		{5D6AA5BD-AB3C-4275-B3AD-C6B30F40A531}.Release|iPhoneSimulator.ActiveCfg = Release|Any CPU
		{5D6AA5BD-AB3C-4275-B3AD-C6B30F40A531}.Release|iPhoneSimulator.Build.0 = Release|Any CPU
		{5D6AA5BD-AB3C-4275-B3AD-C6B30F40A531}.Release|iPhoneSimulator.Deploy.0 = Release|Any CPU
		{5D6AA5BD-AB3C-4275-B3AD-C6B30F40A531}.Release|x64.ActiveCfg = Release|Any CPU
		{5D6AA5BD-AB3C-4275-B3AD-C6B30F40A531}.Release|x64.Build.0 = Release|Any CPU
		{5D6AA5BD-AB3C-4275-B3AD-C6B30F40A531}.Release|x64.Deploy.0 = Release|Any CPU
		{5D6AA5BD-AB3C-4275-B3AD-C6B30F40A531}.Release|x86.ActiveCfg = Release|Any CPU
		{5D6AA5BD-AB3C-4275-B3AD-C6B30F40A531}.Release|x86.Build.0 = Release|Any CPU
		{5D6AA5BD-AB3C-4275-B3AD-C6B30F40A531}.Release|x86.Deploy.0 = Release|Any CPU
		{2766FDF3-B0F3-4589-8712-1B1A15B4E502}.Ad-Hoc|Any CPU.ActiveCfg = Ad-Hoc|iPhone
		{2766FDF3-B0F3-4589-8712-1B1A15B4E502}.Ad-Hoc|ARM.ActiveCfg = Ad-Hoc|iPhone
		{2766FDF3-B0F3-4589-8712-1B1A15B4E502}.Ad-Hoc|iPhone.ActiveCfg = Ad-Hoc|iPhone
		{2766FDF3-B0F3-4589-8712-1B1A15B4E502}.Ad-Hoc|iPhone.Build.0 = Ad-Hoc|iPhone
		{2766FDF3-B0F3-4589-8712-1B1A15B4E502}.Ad-Hoc|iPhoneSimulator.ActiveCfg = Ad-Hoc|iPhoneSimulator
		{2766FDF3-B0F3-4589-8712-1B1A15B4E502}.Ad-Hoc|iPhoneSimulator.Build.0 = Ad-Hoc|iPhoneSimulator
		{2766FDF3-B0F3-4589-8712-1B1A15B4E502}.Ad-Hoc|x64.ActiveCfg = Ad-Hoc|iPhone
		{2766FDF3-B0F3-4589-8712-1B1A15B4E502}.Ad-Hoc|x86.ActiveCfg = Ad-Hoc|iPhone
		{2766FDF3-B0F3-4589-8712-1B1A15B4E502}.AppStore|Any CPU.ActiveCfg = AppStore|iPhone
		{2766FDF3-B0F3-4589-8712-1B1A15B4E502}.AppStore|ARM.ActiveCfg = AppStore|iPhone
		{2766FDF3-B0F3-4589-8712-1B1A15B4E502}.AppStore|iPhone.ActiveCfg = AppStore|iPhone
		{2766FDF3-B0F3-4589-8712-1B1A15B4E502}.AppStore|iPhone.Build.0 = AppStore|iPhone
		{2766FDF3-B0F3-4589-8712-1B1A15B4E502}.AppStore|iPhoneSimulator.ActiveCfg = AppStore|iPhoneSimulator
		{2766FDF3-B0F3-4589-8712-1B1A15B4E502}.AppStore|iPhoneSimulator.Build.0 = AppStore|iPhoneSimulator
		{2766FDF3-B0F3-4589-8712-1B1A15B4E502}.AppStore|x64.ActiveCfg = AppStore|iPhone
		{2766FDF3-B0F3-4589-8712-1B1A15B4E502}.AppStore|x86.ActiveCfg = AppStore|iPhone
		{2766FDF3-B0F3-4589-8712-1B1A15B4E502}.Debug|Any CPU.ActiveCfg = Debug|iPhoneSimulator
		{2766FDF3-B0F3-4589-8712-1B1A15B4E502}.Debug|Any CPU.Build.0 = Debug|iPhoneSimulator
		{2766FDF3-B0F3-4589-8712-1B1A15B4E502}.Debug|ARM.ActiveCfg = Debug|iPhone
		{2766FDF3-B0F3-4589-8712-1B1A15B4E502}.Debug|iPhone.ActiveCfg = Debug|iPhone
		{2766FDF3-B0F3-4589-8712-1B1A15B4E502}.Debug|iPhone.Build.0 = Debug|iPhone
		{2766FDF3-B0F3-4589-8712-1B1A15B4E502}.Debug|iPhoneSimulator.ActiveCfg = Debug|iPhoneSimulator
		{2766FDF3-B0F3-4589-8712-1B1A15B4E502}.Debug|iPhoneSimulator.Build.0 = Debug|iPhoneSimulator
		{2766FDF3-B0F3-4589-8712-1B1A15B4E502}.Debug|x64.ActiveCfg = Debug|iPhone
		{2766FDF3-B0F3-4589-8712-1B1A15B4E502}.Debug|x86.ActiveCfg = Debug|iPhone
		{2766FDF3-B0F3-4589-8712-1B1A15B4E502}.Release|Any CPU.ActiveCfg = Release|iPhone
		{2766FDF3-B0F3-4589-8712-1B1A15B4E502}.Release|ARM.ActiveCfg = Release|iPhone
		{2766FDF3-B0F3-4589-8712-1B1A15B4E502}.Release|iPhone.ActiveCfg = Release|iPhone
		{2766FDF3-B0F3-4589-8712-1B1A15B4E502}.Release|iPhone.Build.0 = Release|iPhone
		{2766FDF3-B0F3-4589-8712-1B1A15B4E502}.Release|iPhoneSimulator.ActiveCfg = Release|iPhoneSimulator
		{2766FDF3-B0F3-4589-8712-1B1A15B4E502}.Release|iPhoneSimulator.Build.0 = Release|iPhoneSimulator
		{2766FDF3-B0F3-4589-8712-1B1A15B4E502}.Release|x64.ActiveCfg = Release|iPhone
		{2766FDF3-B0F3-4589-8712-1B1A15B4E502}.Release|x86.ActiveCfg = Release|iPhone
		{043533AC-CE05-418A-9869-224EF5770BD2}.Ad-Hoc|Any CPU.ActiveCfg = Release|Any CPU
		{043533AC-CE05-418A-9869-224EF5770BD2}.Ad-Hoc|Any CPU.Build.0 = Release|Any CPU
		{043533AC-CE05-418A-9869-224EF5770BD2}.Ad-Hoc|ARM.ActiveCfg = Release|Any CPU
		{043533AC-CE05-418A-9869-224EF5770BD2}.Ad-Hoc|ARM.Build.0 = Release|Any CPU
		{043533AC-CE05-418A-9869-224EF5770BD2}.Ad-Hoc|iPhone.ActiveCfg = Release|Any CPU
		{043533AC-CE05-418A-9869-224EF5770BD2}.Ad-Hoc|iPhone.Build.0 = Release|Any CPU
		{043533AC-CE05-418A-9869-224EF5770BD2}.Ad-Hoc|iPhoneSimulator.ActiveCfg = Release|Any CPU
		{043533AC-CE05-418A-9869-224EF5770BD2}.Ad-Hoc|iPhoneSimulator.Build.0 = Release|Any CPU
		{043533AC-CE05-418A-9869-224EF5770BD2}.Ad-Hoc|x64.ActiveCfg = Release|Any CPU
		{043533AC-CE05-418A-9869-224EF5770BD2}.Ad-Hoc|x64.Build.0 = Release|Any CPU
		{043533AC-CE05-418A-9869-224EF5770BD2}.Ad-Hoc|x86.ActiveCfg = Release|Any CPU
		{043533AC-CE05-418A-9869-224EF5770BD2}.Ad-Hoc|x86.Build.0 = Release|Any CPU
		{043533AC-CE05-418A-9869-224EF5770BD2}.AppStore|Any CPU.ActiveCfg = Release|Any CPU
		{043533AC-CE05-418A-9869-224EF5770BD2}.AppStore|Any CPU.Build.0 = Release|Any CPU
		{043533AC-CE05-418A-9869-224EF5770BD2}.AppStore|ARM.ActiveCfg = Release|Any CPU
		{043533AC-CE05-418A-9869-224EF5770BD2}.AppStore|ARM.Build.0 = Release|Any CPU
		{043533AC-CE05-418A-9869-224EF5770BD2}.AppStore|iPhone.ActiveCfg = Release|Any CPU
		{043533AC-CE05-418A-9869-224EF5770BD2}.AppStore|iPhone.Build.0 = Release|Any CPU
		{043533AC-CE05-418A-9869-224EF5770BD2}.AppStore|iPhoneSimulator.ActiveCfg = Release|Any CPU
		{043533AC-CE05-418A-9869-224EF5770BD2}.AppStore|iPhoneSimulator.Build.0 = Release|Any CPU
		{043533AC-CE05-418A-9869-224EF5770BD2}.AppStore|x64.ActiveCfg = Release|Any CPU
		{043533AC-CE05-418A-9869-224EF5770BD2}.AppStore|x64.Build.0 = Release|Any CPU
		{043533AC-CE05-418A-9869-224EF5770BD2}.AppStore|x86.ActiveCfg = Release|Any CPU
		{043533AC-CE05-418A-9869-224EF5770BD2}.AppStore|x86.Build.0 = Release|Any CPU
		{043533AC-CE05-418A-9869-224EF5770BD2}.Debug|Any CPU.ActiveCfg = Debug|Any CPU
		{043533AC-CE05-418A-9869-224EF5770BD2}.Debug|Any CPU.Build.0 = Debug|Any CPU
		{043533AC-CE05-418A-9869-224EF5770BD2}.Debug|ARM.ActiveCfg = Debug|Any CPU
		{043533AC-CE05-418A-9869-224EF5770BD2}.Debug|ARM.Build.0 = Debug|Any CPU
		{043533AC-CE05-418A-9869-224EF5770BD2}.Debug|iPhone.ActiveCfg = Debug|Any CPU
		{043533AC-CE05-418A-9869-224EF5770BD2}.Debug|iPhone.Build.0 = Debug|Any CPU
		{043533AC-CE05-418A-9869-224EF5770BD2}.Debug|iPhoneSimulator.ActiveCfg = Debug|Any CPU
		{043533AC-CE05-418A-9869-224EF5770BD2}.Debug|iPhoneSimulator.Build.0 = Debug|Any CPU
		{043533AC-CE05-418A-9869-224EF5770BD2}.Debug|x64.ActiveCfg = Debug|Any CPU
		{043533AC-CE05-418A-9869-224EF5770BD2}.Debug|x64.Build.0 = Debug|Any CPU
		{043533AC-CE05-418A-9869-224EF5770BD2}.Debug|x86.ActiveCfg = Debug|Any CPU
		{043533AC-CE05-418A-9869-224EF5770BD2}.Debug|x86.Build.0 = Debug|Any CPU
		{043533AC-CE05-418A-9869-224EF5770BD2}.Release|Any CPU.ActiveCfg = Release|Any CPU
		{043533AC-CE05-418A-9869-224EF5770BD2}.Release|Any CPU.Build.0 = Release|Any CPU
		{043533AC-CE05-418A-9869-224EF5770BD2}.Release|ARM.ActiveCfg = Release|Any CPU
		{043533AC-CE05-418A-9869-224EF5770BD2}.Release|ARM.Build.0 = Release|Any CPU
		{043533AC-CE05-418A-9869-224EF5770BD2}.Release|iPhone.ActiveCfg = Release|Any CPU
		{043533AC-CE05-418A-9869-224EF5770BD2}.Release|iPhone.Build.0 = Release|Any CPU
		{043533AC-CE05-418A-9869-224EF5770BD2}.Release|iPhoneSimulator.ActiveCfg = Release|Any CPU
		{043533AC-CE05-418A-9869-224EF5770BD2}.Release|iPhoneSimulator.Build.0 = Release|Any CPU
		{043533AC-CE05-418A-9869-224EF5770BD2}.Release|x64.ActiveCfg = Release|Any CPU
		{043533AC-CE05-418A-9869-224EF5770BD2}.Release|x64.Build.0 = Release|Any CPU
		{043533AC-CE05-418A-9869-224EF5770BD2}.Release|x86.ActiveCfg = Release|Any CPU
		{043533AC-CE05-418A-9869-224EF5770BD2}.Release|x86.Build.0 = Release|Any CPU
		{FCE4AF70-BB52-4996-9A14-6C3C288102A1}.Ad-Hoc|Any CPU.ActiveCfg = Release|Any CPU
		{FCE4AF70-BB52-4996-9A14-6C3C288102A1}.Ad-Hoc|Any CPU.Build.0 = Release|Any CPU
		{FCE4AF70-BB52-4996-9A14-6C3C288102A1}.Ad-Hoc|ARM.ActiveCfg = Release|Any CPU
		{FCE4AF70-BB52-4996-9A14-6C3C288102A1}.Ad-Hoc|ARM.Build.0 = Release|Any CPU
		{FCE4AF70-BB52-4996-9A14-6C3C288102A1}.Ad-Hoc|iPhone.ActiveCfg = Release|Any CPU
		{FCE4AF70-BB52-4996-9A14-6C3C288102A1}.Ad-Hoc|iPhone.Build.0 = Release|Any CPU
		{FCE4AF70-BB52-4996-9A14-6C3C288102A1}.Ad-Hoc|iPhoneSimulator.ActiveCfg = Release|Any CPU
		{FCE4AF70-BB52-4996-9A14-6C3C288102A1}.Ad-Hoc|iPhoneSimulator.Build.0 = Release|Any CPU
		{FCE4AF70-BB52-4996-9A14-6C3C288102A1}.Ad-Hoc|x64.ActiveCfg = Release|Any CPU
		{FCE4AF70-BB52-4996-9A14-6C3C288102A1}.Ad-Hoc|x64.Build.0 = Release|Any CPU
		{FCE4AF70-BB52-4996-9A14-6C3C288102A1}.Ad-Hoc|x86.ActiveCfg = Release|Any CPU
		{FCE4AF70-BB52-4996-9A14-6C3C288102A1}.Ad-Hoc|x86.Build.0 = Release|Any CPU
		{FCE4AF70-BB52-4996-9A14-6C3C288102A1}.AppStore|Any CPU.ActiveCfg = Release|Any CPU
		{FCE4AF70-BB52-4996-9A14-6C3C288102A1}.AppStore|Any CPU.Build.0 = Release|Any CPU
		{FCE4AF70-BB52-4996-9A14-6C3C288102A1}.AppStore|ARM.ActiveCfg = Release|Any CPU
		{FCE4AF70-BB52-4996-9A14-6C3C288102A1}.AppStore|ARM.Build.0 = Release|Any CPU
		{FCE4AF70-BB52-4996-9A14-6C3C288102A1}.AppStore|iPhone.ActiveCfg = Release|Any CPU
		{FCE4AF70-BB52-4996-9A14-6C3C288102A1}.AppStore|iPhone.Build.0 = Release|Any CPU
		{FCE4AF70-BB52-4996-9A14-6C3C288102A1}.AppStore|iPhoneSimulator.ActiveCfg = Release|Any CPU
		{FCE4AF70-BB52-4996-9A14-6C3C288102A1}.AppStore|iPhoneSimulator.Build.0 = Release|Any CPU
		{FCE4AF70-BB52-4996-9A14-6C3C288102A1}.AppStore|x64.ActiveCfg = Release|Any CPU
		{FCE4AF70-BB52-4996-9A14-6C3C288102A1}.AppStore|x64.Build.0 = Release|Any CPU
		{FCE4AF70-BB52-4996-9A14-6C3C288102A1}.AppStore|x86.ActiveCfg = Release|Any CPU
		{FCE4AF70-BB52-4996-9A14-6C3C288102A1}.AppStore|x86.Build.0 = Release|Any CPU
		{FCE4AF70-BB52-4996-9A14-6C3C288102A1}.Debug|Any CPU.ActiveCfg = Debug|Any CPU
		{FCE4AF70-BB52-4996-9A14-6C3C288102A1}.Debug|Any CPU.Build.0 = Debug|Any CPU
		{FCE4AF70-BB52-4996-9A14-6C3C288102A1}.Debug|ARM.ActiveCfg = Debug|Any CPU
		{FCE4AF70-BB52-4996-9A14-6C3C288102A1}.Debug|ARM.Build.0 = Debug|Any CPU
		{FCE4AF70-BB52-4996-9A14-6C3C288102A1}.Debug|iPhone.ActiveCfg = Debug|Any CPU
		{FCE4AF70-BB52-4996-9A14-6C3C288102A1}.Debug|iPhone.Build.0 = Debug|Any CPU
		{FCE4AF70-BB52-4996-9A14-6C3C288102A1}.Debug|iPhoneSimulator.ActiveCfg = Debug|Any CPU
		{FCE4AF70-BB52-4996-9A14-6C3C288102A1}.Debug|iPhoneSimulator.Build.0 = Debug|Any CPU
		{FCE4AF70-BB52-4996-9A14-6C3C288102A1}.Debug|x64.ActiveCfg = Debug|Any CPU
		{FCE4AF70-BB52-4996-9A14-6C3C288102A1}.Debug|x64.Build.0 = Debug|Any CPU
		{FCE4AF70-BB52-4996-9A14-6C3C288102A1}.Debug|x86.ActiveCfg = Debug|Any CPU
		{FCE4AF70-BB52-4996-9A14-6C3C288102A1}.Debug|x86.Build.0 = Debug|Any CPU
		{FCE4AF70-BB52-4996-9A14-6C3C288102A1}.Release|Any CPU.ActiveCfg = Release|Any CPU
		{FCE4AF70-BB52-4996-9A14-6C3C288102A1}.Release|Any CPU.Build.0 = Release|Any CPU
		{FCE4AF70-BB52-4996-9A14-6C3C288102A1}.Release|ARM.ActiveCfg = Release|Any CPU
		{FCE4AF70-BB52-4996-9A14-6C3C288102A1}.Release|ARM.Build.0 = Release|Any CPU
		{FCE4AF70-BB52-4996-9A14-6C3C288102A1}.Release|iPhone.ActiveCfg = Release|Any CPU
		{FCE4AF70-BB52-4996-9A14-6C3C288102A1}.Release|iPhone.Build.0 = Release|Any CPU
		{FCE4AF70-BB52-4996-9A14-6C3C288102A1}.Release|iPhoneSimulator.ActiveCfg = Release|Any CPU
		{FCE4AF70-BB52-4996-9A14-6C3C288102A1}.Release|iPhoneSimulator.Build.0 = Release|Any CPU
		{FCE4AF70-BB52-4996-9A14-6C3C288102A1}.Release|x64.ActiveCfg = Release|Any CPU
		{FCE4AF70-BB52-4996-9A14-6C3C288102A1}.Release|x64.Build.0 = Release|Any CPU
		{FCE4AF70-BB52-4996-9A14-6C3C288102A1}.Release|x86.ActiveCfg = Release|Any CPU
		{FCE4AF70-BB52-4996-9A14-6C3C288102A1}.Release|x86.Build.0 = Release|Any CPU
	EndGlobalSection
	GlobalSection(SolutionProperties) = preSolution
		HideSolutionNode = FALSE
	EndGlobalSection
	GlobalSection(ExtensibilityGlobals) = postSolution
		SolutionGuid = {3701A379-3126-461F-BCEC-6574E77C7AE8}
	EndGlobalSection
EndGlobal
